
Microsoft Visual Studio Solution File, Format Version 12.00
# Visual Studio Version 16
VisualStudioVersion = 16.0.31729.503
MinimumVisualStudioVersion = 10.0.40219.1
Project("{9A19103F-16F7-4668-BE54-9A1E7A4F7556}") = "FraudReporterAPI", "FraudReporterAPI\FraudReporterAPI.csproj", "{F5E41FC7-9D42-4B5D-B5BE-130DBC2BBBD8}"
EndProject
Project("{FAE04EC0-301F-11D3-BF4B-00C04F79EFBC}") = "FraudReporterAPITests", "FraudReporterAPITests\FraudReporterAPITests.csproj", "{B25B0A34-0125-4C8B-9428-FDA072D9E97B}"
EndProject
Global
	GlobalSection(SolutionConfigurationPlatforms) = preSolution
		Debug|Any CPU = Debug|Any CPU
		Release|Any CPU = Release|Any CPU
	EndGlobalSection
	GlobalSection(ProjectConfigurationPlatforms) = postSolution
		{F5E41FC7-9D42-4B5D-B5BE-130DBC2BBBD8}.Debug|Any CPU.ActiveCfg = Debug|Any CPU
		{F5E41FC7-9D42-4B5D-B5BE-130DBC2BBBD8}.Debug|Any CPU.Build.0 = Debug|Any CPU
		{F5E41FC7-9D42-4B5D-B5BE-130DBC2BBBD8}.Release|Any CPU.ActiveCfg = Release|Any CPU
		{F5E41FC7-9D42-4B5D-B5BE-130DBC2BBBD8}.Release|Any CPU.Build.0 = Release|Any CPU
		{B25B0A34-0125-4C8B-9428-FDA072D9E97B}.Debug|Any CPU.ActiveCfg = Debug|Any CPU
		{B25B0A34-0125-4C8B-9428-FDA072D9E97B}.Debug|Any CPU.Build.0 = Debug|Any CPU
		{B25B0A34-0125-4C8B-9428-FDA072D9E97B}.Release|Any CPU.ActiveCfg = Release|Any CPU
		{B25B0A34-0125-4C8B-9428-FDA072D9E97B}.Release|Any CPU.Build.0 = Release|Any CPU
	EndGlobalSection
	GlobalSection(SolutionProperties) = preSolution
		HideSolutionNode = FALSE
	EndGlobalSection
	GlobalSection(ExtensibilityGlobals) = postSolution
		SolutionGuid = {6F9E538D-7195-4B6A-90F1-9088111DAB84}
	EndGlobalSection
EndGlobal
